
Microsoft Visual Studio Solution File, Format Version 12.00
# Visual Studio Version 17
VisualStudioVersion = 17.4.33205.214
MinimumVisualStudioVersion = 10.0.40219.1
Project("{FAE04EC0-301F-11D3-BF4B-00C04F79EFBC}") = "Celluveyor", "Celluveyor.csproj", "{2F1AD364-33DD-4B67-A90C-3FEE98BBB487}"
EndProject
Global
	GlobalSection(SolutionConfigurationPlatforms) = preSolution
		Debug|Any CPU = Debug|Any CPU
		Release|Any CPU = Release|Any CPU
	EndGlobalSection
	GlobalSection(ProjectConfigurationPlatforms) = postSolution
		{2F1AD364-33DD-4B67-A90C-3FEE98BBB487}.Debug|Any CPU.ActiveCfg = Debug|Any CPU
		{2F1AD364-33DD-4B67-A90C-3FEE98BBB487}.Debug|Any CPU.Build.0 = Debug|Any CPU
		{2F1AD364-33DD-4B67-A90C-3FEE98BBB487}.Release|Any CPU.ActiveCfg = Release|Any CPU
		{2F1AD364-33DD-4B67-A90C-3FEE98BBB487}.Release|Any CPU.Build.0 = Release|Any CPU
	EndGlobalSection
	GlobalSection(SolutionProperties) = preSolution
		HideSolutionNode = FALSE
	EndGlobalSection
	GlobalSection(ExtensibilityGlobals) = postSolution
		SolutionGuid = {1BE2ADD2-EF01-456B-A26E-29A7D93128E6}
	EndGlobalSection
EndGlobal
